PODS:
  - Kingfisher (3.2.2)
  - RTCoreDataStack (2.0.4)

DEPENDENCIES:
  - Kingfisher (~> 3.0)
  - RTCoreDataStack (from `https://github.com/radianttap/RTSwiftCoreDataStack.git`)

EXTERNAL SOURCES:
  RTCoreDataStack:
    :git: https://github.com/radianttap/RTSwiftCoreDataStack.git

CHECKOUT OPTIONS:
  RTCoreDataStack:
    :commit: 6dee7e6d8f604e1731e91207b7ef2348d05ae761
    :git: https://github.com/radianttap/RTSwiftCoreDataStack.git

SPEC CHECKSUMS:
  Kingfisher: 821466474ad7ffc375a4aecadfa05068cfed67b3
  RTCoreDataStack: 2cc7165d58b4fcadea361bc62556943a332db689

PODFILE CHECKSUM: 93976acf3215d42478fe78c662ca5ec1c0cb4edb

COCOAPODS: 1.1.1
