// !$*UTF8*$!
{
	archiveVersion = 1;
	classes = {
	};
	objectVersion = 46;
	objects = {

/* Begin PBXAggregateTarget section */
		E8E3FABB1DFC2A31001757E4 /* mogen */ = {
			isa = PBXAggregateTarget;
			buildConfigurationList = E8E3FABC1DFC2A31001757E4 /* Build configuration list for PBXAggregateTarget "mogen" */;
			buildPhases = (
				E8E3FABF1DFC2A35001757E4 /* ShellScript */,
			);
			dependencies = (
			);
			name = mogen;
			productName = mogen;
		};
/* End PBXAggregateTarget section */

/* Begin PBXBuildFile section */
		D8A6B2A2E44852B92D82E40C /* Pods_Spotifier.framework in Frameworks */ = {isa = PBXBuildFile; fileRef = D0F2E29895AF95ABB42C1348 /* Pods_Spotifier.framework */; };
		E81017111DFAEEB8002C5EAB /* AppDelegate.swift in Sources */ = {isa = PBXBuildFile; fileRef = E81017101DFAEEB8002C5EAB /* AppDelegate.swift */; };
		E81017161DFAEEB8002C5EAB /* Main.storyboard in Resources */ = {isa = PBXBuildFile; fileRef = E81017141DFAEEB8002C5EAB /* Main.storyboard */; };
		E81017191DFAEEB8002C5EAB /* Spotifier.xcdatamodeld in Sources */ = {isa = PBXBuildFile; fileRef = E81017171DFAEEB8002C5EAB /* Spotifier.xcdatamodeld */; };
		E810171B1DFAEEB8002C5EAB /* Assets.xcassets in Resources */ = {isa = PBXBuildFile; fileRef = E810171A1DFAEEB8002C5EAB /* Assets.xcassets */; };
		E810171E1DFAEEB8002C5EAB /* LaunchScreen.storyboard in Resources */ = {isa = PBXBuildFile; fileRef = E810171C1DFAEEB8002C5EAB /* LaunchScreen.storyboard */; };
		E82580011DFEC97C004BFBBE /* DataManager.swift in Sources */ = {isa = PBXBuildFile; fileRef = E82580001DFEC97C004BFBBE /* DataManager.swift */; };
		E87C33381DFFF4ED00D8895A /* ManagedObject.swift in Sources */ = {isa = PBXBuildFile; fileRef = E87C33371DFFF4ED00D8895A /* ManagedObject.swift */; };
		E8E3FAC71DFC331A001757E4 /* TrackController.swift in Sources */ = {isa = PBXBuildFile; fileRef = E8E3FAC61DFC331A001757E4 /* TrackController.swift */; };
		E8E3FAC91DFC332B001757E4 /* TrackCell.swift in Sources */ = {isa = PBXBuildFile; fileRef = E8E3FAC81DFC332B001757E4 /* TrackCell.swift */; };
		E8E3FACE1DFC4171001757E4 /* Spotify.swift in Sources */ = {isa = PBXBuildFile; fileRef = E8E3FACD1DFC4171001757E4 /* Spotify.swift */; };
		E8E3FADA1DFCC52D001757E4 /* Album.swift in Sources */ = {isa = PBXBuildFile; fileRef = E8E3FAD31DFCC52D001757E4 /* Album.swift */; };
		E8E3FADB1DFCC52D001757E4 /* Artist.swift in Sources */ = {isa = PBXBuildFile; fileRef = E8E3FAD41DFCC52D001757E4 /* Artist.swift */; };
		E8E3FADC1DFCC52D001757E4 /* Track.swift in Sources */ = {isa = PBXBuildFile; fileRef = E8E3FAD51DFCC52D001757E4 /* Track.swift */; };
		E8E3FADD1DFCC52D001757E4 /* _Album.swift in Sources */ = {isa = PBXBuildFile; fileRef = E8E3FAD71DFCC52D001757E4 /* _Album.swift */; };
		E8E3FADE1DFCC52D001757E4 /* _Artist.swift in Sources */ = {isa = PBXBuildFile; fileRef = E8E3FAD81DFCC52D001757E4 /* _Artist.swift */; };
		E8E3FADF1DFCC52D001757E4 /* _Track.swift in Sources */ = {isa = PBXBuildFile; fileRef = E8E3FAD91DFCC52D001757E4 /* _Track.swift */; };
/* End PBXBuildFile section */

/* Begin PBXFileReference section */
		D0F2E29895AF95ABB42C1348 /* Pods_Spotifier.framework */ = {isa = PBXFileReference; explicitFileType = wrapper.framework; includeInIndex = 0; path = Pods_Spotifier.framework; sourceTree = BUILT_PRODUCTS_DIR; };
		DC008718BC699378D1368E07 /* Pods-Spotifier.release.xcconfig */ = {isa = PBXFileReference; includeInIndex = 1; lastKnownFileType = text.xcconfig; name = "Pods-Spotifier.release.xcconfig"; path = "Pods/Target Support Files/Pods-Spotifier/Pods-Spotifier.release.xcconfig"; sourceTree = "<group>"; };
		E810170D1DFAEEB8002C5EAB /* Spotifier.app */ = {isa = PBXFileReference; explicitFileType = wrapper.application; includeInIndex = 0; path = Spotifier.app; sourceTree = BUILT_PRODUCTS_DIR; };
		E81017101DFAEEB8002C5EAB /* AppDelegate.swift */ = {isa = PBXFileReference; lastKnownFileType = sourcecode.swift; path = AppDelegate.swift; sourceTree = "<group>"; };
		E81017151DFAEEB8002C5EAB /* Base */ = {isa = PBXFileReference; lastKnownFileType = file.storyboard; name = Base; path = Base.lproj/Main.storyboard; sourceTree = "<group>"; };
		E81017181DFAEEB8002C5EAB /* Spotifier.xcdatamodel */ = {isa = PBXFileReference; lastKnownFileType = wrapper.xcdatamodel; path = Spotifier.xcdatamodel; sourceTree = "<group>"; };
		E810171A1DFAEEB8002C5EAB /* Assets.xcassets */ = {isa = PBXFileReference; lastKnownFileType = folder.assetcatalog; path = Assets.xcassets; sourceTree = "<group>"; };
		E810171D1DFAEEB8002C5EAB /* Base */ = {isa = PBXFileReference; lastKnownFileType = file.storyboard; name = Base; path = Base.lproj/LaunchScreen.storyboard; sourceTree = "<group>"; };
		E810171F1DFAEEB8002C5EAB /* Info.plist */ = {isa = PBXFileReference; lastKnownFileType = text.plist.xml; path = Info.plist; sourceTree = "<group>"; };
		E82580001DFEC97C004BFBBE /* DataManager.swift */ = {isa = PBXFileReference; fileEncoding = 4; lastKnownFileType = sourcecode.swift; name = DataManager.swift; path = ../DataManager.swift; sourceTree = "<group>"; };
		E87C33371DFFF4ED00D8895A /* ManagedObject.swift */ = {isa = PBXFileReference; fileEncoding = 4; lastKnownFileType = sourcecode.swift; name = ManagedObject.swift; path = ../ManagedObject.swift; sourceTree = "<group>"; };
		E8E3FAC61DFC331A001757E4 /* TrackController.swift */ = {isa = PBXFileReference; fileEncoding = 4; lastKnownFileType = sourcecode.swift; path = TrackController.swift; sourceTree = "<group>"; };
		E8E3FAC81DFC332B001757E4 /* TrackCell.swift */ = {isa = PBXFileReference; fileEncoding = 4; lastKnownFileType = sourcecode.swift; path = TrackCell.swift; sourceTree = "<group>"; };
		E8E3FACD1DFC4171001757E4 /* Spotify.swift */ = {isa = PBXFileReference; fileEncoding = 4; lastKnownFileType = sourcecode.swift; name = Spotify.swift; path = Spotifier/Spotify.swift; sourceTree = "<group>"; };
		E8E3FAD31DFCC52D001757E4 /* Album.swift */ = {isa = PBXFileReference; fileEncoding = 4; lastKnownFileType = sourcecode.swift; path = Album.swift; sourceTree = "<group>"; };
		E8E3FAD41DFCC52D001757E4 /* Artist.swift */ = {isa = PBXFileReference; fileEncoding = 4; lastKnownFileType = sourcecode.swift; path = Artist.swift; sourceTree = "<group>"; };
		E8E3FAD51DFCC52D001757E4 /* Track.swift */ = {isa = PBXFileReference; fileEncoding = 4; lastKnownFileType = sourcecode.swift; path = Track.swift; sourceTree = "<group>"; };
		E8E3FAD71DFCC52D001757E4 /* _Album.swift */ = {isa = PBXFileReference; fileEncoding = 4; lastKnownFileType = sourcecode.swift; path = _Album.swift; sourceTree = "<group>"; };
		E8E3FAD81DFCC52D001757E4 /* _Artist.swift */ = {isa = PBXFileReference; fileEncoding = 4; lastKnownFileType = sourcecode.swift; path = _Artist.swift; sourceTree = "<group>"; };
		E8E3FAD91DFCC52D001757E4 /* _Track.swift */ = {isa = PBXFileReference; fileEncoding = 4; lastKnownFileType = sourcecode.swift; path = _Track.swift; sourceTree = "<group>"; };
		FAD6F7C919CEE17CAF7D43F4 /* Pods-Spotifier.debug.xcconfig */ = {isa = PBXFileReference; includeInIndex = 1; lastKnownFileType = text.xcconfig; name = "Pods-Spotifier.debug.xcconfig"; path = "Pods/Target Support Files/Pods-Spotifier/Pods-Spotifier.debug.xcconfig"; sourceTree = "<group>"; };
/* End PBXFileReference section */

/* Begin PBXFrameworksBuildPhase section */
		E810170A1DFAEEB8002C5EAB /* Frameworks */ = {
			isa = PBXFrameworksBuildPhase;
			buildActionMask = 2147483647;
			files = (
				D8A6B2A2E44852B92D82E40C /* Pods_Spotifier.framework in Frameworks */,
			);
			runOnlyForDeploymentPostprocessing = 0;
		};
/* End PBXFrameworksBuildPhase section */

/* Begin PBXGroup section */
		8911989D8D70E5D2F95489FA /* Frameworks */ = {
			isa = PBXGroup;
			children = (
				D0F2E29895AF95ABB42C1348 /* Pods_Spotifier.framework */,
			);
			name = Frameworks;
			sourceTree = "<group>";
		};
		C7E4EC3ED66E5F9B57956147 /* Pods */ = {
			isa = PBXGroup;
			children = (
				FAD6F7C919CEE17CAF7D43F4 /* Pods-Spotifier.debug.xcconfig */,
				DC008718BC699378D1368E07 /* Pods-Spotifier.release.xcconfig */,
			);
			name = Pods;
			sourceTree = "<group>";
		};
		E81017041DFAEEB8002C5EAB = {
			isa = PBXGroup;
			children = (
				E8E3FAD11DFCC52D001757E4 /* DataModel */,
				E8E3FACD1DFC4171001757E4 /* Spotify.swift */,
				E810170F1DFAEEB8002C5EAB /* Spotifier */,
				E810170E1DFAEEB8002C5EAB /* Products */,
				C7E4EC3ED66E5F9B57956147 /* Pods */,
				8911989D8D70E5D2F95489FA /* Frameworks */,
			);
			sourceTree = "<group>";
		};
		E810170E1DFAEEB8002C5EAB /* Products */ = {
			isa = PBXGroup;
			children = (
				E810170D1DFAEEB8002C5EAB /* Spotifier.app */,
			);
			name = Products;
			sourceTree = "<group>";
		};
		E810170F1DFAEEB8002C5EAB /* Spotifier */ = {
			isa = PBXGroup;
			children = (
				E81017101DFAEEB8002C5EAB /* AppDelegate.swift */,
				E8E3FAC61DFC331A001757E4 /* TrackController.swift */,
				E8E3FAC81DFC332B001757E4 /* TrackCell.swift */,
				E81017141DFAEEB8002C5EAB /* Main.storyboard */,
				E810171A1DFAEEB8002C5EAB /* Assets.xcassets */,
				E810171C1DFAEEB8002C5EAB /* LaunchScreen.storyboard */,
				E810171F1DFAEEB8002C5EAB /* Info.plist */,
			);
			path = Spotifier;
			sourceTree = "<group>";
		};
		E8E3FAD11DFCC52D001757E4 /* DataModel */ = {
			isa = PBXGroup;
			children = (
				E82580001DFEC97C004BFBBE /* DataManager.swift */,
				E87C33371DFFF4ED00D8895A /* ManagedObject.swift */,
				E81017171DFAEEB8002C5EAB /* Spotifier.xcdatamodeld */,
				E8E3FAD21DFCC52D001757E4 /* mogen-classes */,
				E8E3FAD61DFCC52D001757E4 /* mogen-properties */,
			);
			path = DataModel;
			sourceTree = "<group>";
		};
		E8E3FAD21DFCC52D001757E4 /* mogen-classes */ = {
			isa = PBXGroup;
			children = (
				E8E3FAD31DFCC52D001757E4 /* Album.swift */,
				E8E3FAD41DFCC52D001757E4 /* Artist.swift */,
				E8E3FAD51DFCC52D001757E4 /* Track.swift */,
			);
			path = "mogen-classes";
			sourceTree = "<group>";
		};
		E8E3FAD61DFCC52D001757E4 /* mogen-properties */ = {
			isa = PBXGroup;
			children = (
				E8E3FAD71DFCC52D001757E4 /* _Album.swift */,
				E8E3FAD81DFCC52D001757E4 /* _Artist.swift */,
				E8E3FAD91DFCC52D001757E4 /* _Track.swift */,
			);
			path = "mogen-properties";
			sourceTree = "<group>";
		};
/* End PBXGroup section */

/* Begin PBXNativeTarget section */
		E810170C1DFAEEB8002C5EAB /* Spotifier */ = {
			isa = PBXNativeTarget;
			buildConfigurationList = E81017221DFAEEB8002C5EAB /* Build configuration list for PBXNativeTarget "Spotifier" */;
			buildPhases = (
				E875AAD83E446DEB088EA3AE /* [CP] Check Pods Manifest.lock */,
				E81017091DFAEEB8002C5EAB /* Sources */,
				E810170A1DFAEEB8002C5EAB /* Frameworks */,
				E810170B1DFAEEB8002C5EAB /* Resources */,
				CF58EAF94398840554927A73 /* [CP] Embed Pods Frameworks */,
				685D77E37169FFAF01C508B8 /* [CP] Copy Pods Resources */,
			);
			buildRules = (
			);
			dependencies = (
			);
			name = Spotifier;
			productName = Spotifier;
			productReference = E810170D1DFAEEB8002C5EAB /* Spotifier.app */;
			productType = "com.apple.product-type.application";
		};
/* End PBXNativeTarget section */

/* Begin PBXProject section */
		E81017051DFAEEB8002C5EAB /* Project object */ = {
			isa = PBXProject;
			attributes = {
				LastSwiftUpdateCheck = 0810;
				LastUpgradeCheck = 0810;
				ORGANIZATIONNAME = iosakademija;
				TargetAttributes = {
					E810170C1DFAEEB8002C5EAB = {
						CreatedOnToolsVersion = 8.1;
						ProvisioningStyle = Automatic;
					};
					E8E3FABB1DFC2A31001757E4 = {
						CreatedOnToolsVersion = 8.1;
						ProvisioningStyle = Automatic;
					};
				};
			};
			buildConfigurationList = E81017081DFAEEB8002C5EAB /* Build configuration list for PBXProject "Spotifier" */;
			compatibilityVersion = "Xcode 3.2";
			developmentRegion = English;
			hasScannedForEncodings = 0;
			knownRegions = (
				en,
				Base,
			);
			mainGroup = E81017041DFAEEB8002C5EAB;
			productRefGroup = E810170E1DFAEEB8002C5EAB /* Products */;
			projectDirPath = "";
			projectRoot = "";
			targets = (
				E810170C1DFAEEB8002C5EAB /* Spotifier */,
				E8E3FABB1DFC2A31001757E4 /* mogen */,
			);
		};
/* End PBXProject section */

/* Begin PBXResourcesBuildPhase section */
		E810170B1DFAEEB8002C5EAB /* Resources */ = {
			isa = PBXResourcesBuildPhase;
			buildActionMask = 2147483647;
			files = (
				E810171E1DFAEEB8002C5EAB /* LaunchScreen.storyboard in Resources */,
				E810171B1DFAEEB8002C5EAB /* Assets.xcassets in Resources */,
				E81017161DFAEEB8002C5EAB /* Main.storyboard in Resources */,
			);
			runOnlyForDeploymentPostprocessing = 0;
		};
/* End PBXResourcesBuildPhase section */

/* Begin PBXShellScriptBuildPhase section */
		685D77E37169FFAF01C508B8 /* [CP] Copy Pods Resources */ = {
			isa = PBXShellScriptBuildPhase;
			buildActionMask = 2147483647;
			files = (
			);
			inputPaths = (
			);
			name = "[CP] Copy Pods Resources";
			outputPaths = (
			);
			runOnlyForDeploymentPostprocessing = 0;
			shellPath = /bin/sh;
			shellScript = "\"${SRCROOT}/Pods/Target Support Files/Pods-Spotifier/Pods-Spotifier-resources.sh\"\n";
			showEnvVarsInLog = 0;
		};
		CF58EAF94398840554927A73 /* [CP] Embed Pods Frameworks */ = {
			isa = PBXShellScriptBuildPhase;
			buildActionMask = 2147483647;
			files = (
			);
			inputPaths = (
			);
			name = "[CP] Embed Pods Frameworks";
			outputPaths = (
			);
			runOnlyForDeploymentPostprocessing = 0;
			shellPath = /bin/sh;
			shellScript = "\"${SRCROOT}/Pods/Target Support Files/Pods-Spotifier/Pods-Spotifier-frameworks.sh\"\n";
			showEnvVarsInLog = 0;
		};
		E875AAD83E446DEB088EA3AE /* [CP] Check Pods Manifest.lock */ = {
			isa = PBXShellScriptBuildPhase;
			buildActionMask = 2147483647;
			files = (
			);
			inputPaths = (
			);
			name = "[CP] Check Pods Manifest.lock";
			outputPaths = (
			);
			runOnlyForDeploymentPostprocessing = 0;
			shellPath = /bin/sh;
			shellScript = "diff \"${PODS_ROOT}/../Podfile.lock\" \"${PODS_ROOT}/Manifest.lock\" > /dev/null\nif [ $? != 0 ] ; then\n    # print error to STDERR\n    echo \"error: The sandbox is not in sync with the Podfile.lock. Run 'pod install' or update your CocoaPods installation.\" >&2\n    exit 1\nfi\n";
			showEnvVarsInLog = 0;
		};
		E8E3FABF1DFC2A35001757E4 /* ShellScript */ = {
			isa = PBXShellScriptBuildPhase;
			buildActionMask = 2147483647;
			files = (
			);
			inputPaths = (
			);
			outputPaths = (
			);
			runOnlyForDeploymentPostprocessing = 0;
			shellPath = /bin/sh;
			shellScript = "cd DataModel\n~/Aplications/mogenerator-beta --swift --base-class ManagedObject --model ../Spotifier/Spotifier.xcdatamodeld --template-path ../tmpl --human-dir mogen-classes --machine-dir mogen-properties\n\n\n\n\n\n";
		};
/* End PBXShellScriptBuildPhase section */

/* Begin PBXSourcesBuildPhase section */
		E81017091DFAEEB8002C5EAB /* Sources */ = {
			isa = PBXSourcesBuildPhase;
			buildActionMask = 2147483647;
			files = (
				E87C33381DFFF4ED00D8895A /* ManagedObject.swift in Sources */,
				E8E3FADD1DFCC52D001757E4 /* _Album.swift in Sources */,
				E82580011DFEC97C004BFBBE /* DataManager.swift in Sources */,
				E81017191DFAEEB8002C5EAB /* Spotifier.xcdatamodeld in Sources */,
				E8E3FADE1DFCC52D001757E4 /* _Artist.swift in Sources */,
				E8E3FACE1DFC4171001757E4 /* Spotify.swift in Sources */,
				E8E3FAC71DFC331A001757E4 /* TrackController.swift in Sources */,
				E8E3FADC1DFCC52D001757E4 /* Track.swift in Sources */,
				E81017111DFAEEB8002C5EAB /* AppDelegate.swift in Sources */,
				E8E3FAC91DFC332B001757E4 /* TrackCell.swift in Sources */,
				E8E3FADA1DFCC52D001757E4 /* Album.swift in Sources */,
				E8E3FADB1DFCC52D001757E4 /* Artist.swift in Sources */,
				E8E3FADF1DFCC52D001757E4 /* _Track.swift in Sources */,
			);
			runOnlyForDeploymentPostprocessing = 0;
		};
/* End PBXSourcesBuildPhase section */

/* Begin PBXVariantGroup section */
		E81017141DFAEEB8002C5EAB /* Main.storyboard */ = {
			isa = PBXVariantGroup;
			children = (
				E81017151DFAEEB8002C5EAB /* Base */,
			);
			name = Main.storyboard;
			sourceTree = "<group>";
		};
		E810171C1DFAEEB8002C5EAB /* LaunchScreen.storyboard */ = {
			isa = PBXVariantGroup;
			children = (
				E810171D1DFAEEB8002C5EAB /* Base */,
			);
			name = LaunchScreen.storyboard;
			sourceTree = "<group>";
		};
/* End PBXVariantGroup section */

/* Begin XCBuildConfiguration section */
		E81017201DFAEEB8002C5EAB /* Debug */ = {
			isa = XCBuildConfiguration;
			buildSettings = {
				ALWAYS_SEARCH_USER_PATHS = NO;
				CLANG_ANALYZER_NONNULL = YES;
				CLANG_CXX_LANGUAGE_STANDARD = "gnu++0x";
				CLANG_CXX_LIBRARY = "libc++";
				CLANG_ENABLE_MODULES = YES;
				CLANG_ENABLE_OBJC_ARC = YES;
				CLANG_WARN_BOOL_CONVERSION = YES;
				CLANG_WARN_CONSTANT_CONVERSION = YES;
				CLANG_WARN_DIRECT_OBJC_ISA_USAGE = YES_ERROR;
				CLANG_WARN_DOCUMENTATION_COMMENTS = YES;
				CLANG_WARN_EMPTY_BODY = YES;
				CLANG_WARN_ENUM_CONVERSION = YES;
				CLANG_WARN_INFINITE_RECURSION = YES;
				CLANG_WARN_INT_CONVERSION = YES;
				CLANG_WARN_OBJC_ROOT_CLASS = YES_ERROR;
				CLANG_WARN_SUSPICIOUS_MOVES = YES;
				CLANG_WARN_UNREACHABLE_CODE = YES;
				CLANG_WARN__DUPLICATE_METHOD_MATCH = YES;
				"CODE_SIGN_IDENTITY[sdk=iphoneos*]" = "iPhone Developer";
				COPY_PHASE_STRIP = NO;
				DEBUG_INFORMATION_FORMAT = dwarf;
				ENABLE_STRICT_OBJC_MSGSEND = YES;
				ENABLE_TESTABILITY = YES;
				GCC_C_LANGUAGE_STANDARD = gnu99;
				GCC_DYNAMIC_NO_PIC = NO;
				GCC_NO_COMMON_BLOCKS = YES;
				GCC_OPTIMIZATION_LEVEL = 0;
				GCC_PREPROCESSOR_DEFINITIONS = (
					"DEBUG=1",
					"$(inherited)",
				);
				GCC_WARN_64_TO_32_BIT_CONVERSION = YES;
				GCC_WARN_ABOUT_RETURN_TYPE = YES_ERROR;
				GCC_WARN_UNDECLARED_SELECTOR = YES;
				GCC_WARN_UNINITIALIZED_AUTOS = YES_AGGRESSIVE;
				GCC_WARN_UNUSED_FUNCTION = YES;
				GCC_WARN_UNUSED_VARIABLE = YES;
				IPHONEOS_DEPLOYMENT_TARGET = 10.1;
				MTL_ENABLE_DEBUG_INFO = YES;
				ONLY_ACTIVE_ARCH = YES;
				SDKROOT = iphoneos;
				SWIFT_ACTIVE_COMPILATION_CONDITIONS = DEBUG;
				SWIFT_OPTIMIZATION_LEVEL = "-Onone";
				TARGETED_DEVICE_FAMILY = "1,2";
			};
			name = Debug;
		};
		E81017211DFAEEB8002C5EAB /* Release */ = {
			isa = XCBuildConfiguration;
			buildSettings = {
				ALWAYS_SEARCH_USER_PATHS = NO;
				CLANG_ANALYZER_NONNULL = YES;
				CLANG_CXX_LANGUAGE_STANDARD = "gnu++0x";
				CLANG_CXX_LIBRARY = "libc++";
				CLANG_ENABLE_MODULES = YES;
				CLANG_ENABLE_OBJC_ARC = YES;
				CLANG_WARN_BOOL_CONVERSION = YES;
				CLANG_WARN_CONSTANT_CONVERSION = YES;
				CLANG_WARN_DIRECT_OBJC_ISA_USAGE = YES_ERROR;
				CLANG_WARN_DOCUMENTATION_COMMENTS = YES;
				CLANG_WARN_EMPTY_BODY = YES;
				CLANG_WARN_ENUM_CONVERSION = YES;
				CLANG_WARN_INFINITE_RECURSION = YES;
				CLANG_WARN_INT_CONVERSION = YES;
				CLANG_WARN_OBJC_ROOT_CLASS = YES_ERROR;
				CLANG_WARN_SUSPICIOUS_MOVES = YES;
				CLANG_WARN_UNREACHABLE_CODE = YES;
				CLANG_WARN__DUPLICATE_METHOD_MATCH = YES;
				"CODE_SIGN_IDENTITY[sdk=iphoneos*]" = "iPhone Developer";
				COPY_PHASE_STRIP = NO;
				DEBUG_INFORMATION_FORMAT = "dwarf-with-dsym";
				ENABLE_NS_ASSERTIONS = NO;
				ENABLE_STRICT_OBJC_MSGSEND = YES;
				GCC_C_LANGUAGE_STANDARD = gnu99;
				GCC_NO_COMMON_BLOCKS = YES;
				GCC_WARN_64_TO_32_BIT_CONVERSION = YES;
				GCC_WARN_ABOUT_RETURN_TYPE = YES_ERROR;
				GCC_WARN_UNDECLARED_SELECTOR = YES;
				GCC_WARN_UNINITIALIZED_AUTOS = YES_AGGRESSIVE;
				GCC_WARN_UNUSED_FUNCTION = YES;
				GCC_WARN_UNUSED_VARIABLE = YES;
				IPHONEOS_DEPLOYMENT_TARGET = 10.1;
				MTL_ENABLE_DEBUG_INFO = NO;
				SDKROOT = iphoneos;
				SWIFT_OPTIMIZATION_LEVEL = "-Owholemodule";
				TARGETED_DEVICE_FAMILY = "1,2";
				VALIDATE_PRODUCT = YES;
			};
			name = Release;
		};
		E81017231DFAEEB8002C5EAB /* Debug */ = {
			isa = XCBuildConfiguration;
			baseConfigurationReference = FAD6F7C919CEE17CAF7D43F4 /* Pods-Spotifier.debug.xcconfig */;
			buildSettings = {
				ASSETCATALOG_COMPILER_APPICON_NAME = AppIcon;
				INFOPLIST_FILE = Spotifier/Info.plist;
				LD_RUNPATH_SEARCH_PATHS = "$(inherited) @executable_path/Frameworks";
				PRODUCT_BUNDLE_IDENTIFIER = rs.iosakademija.Spotifier;
				PRODUCT_NAME = "$(TARGET_NAME)";
				SWIFT_VERSION = 3.0;
			};
			name = Debug;
		};
		E81017241DFAEEB8002C5EAB /* Release */ = {
			isa = XCBuildConfiguration;
			baseConfigurationReference = DC008718BC699378D1368E07 /* Pods-Spotifier.release.xcconfig */;
			buildSettings = {
				ASSETCATALOG_COMPILER_APPICON_NAME = AppIcon;
				INFOPLIST_FILE = Spotifier/Info.plist;
				LD_RUNPATH_SEARCH_PATHS = "$(inherited) @executable_path/Frameworks";
				PRODUCT_BUNDLE_IDENTIFIER = rs.iosakademija.Spotifier;
				PRODUCT_NAME = "$(TARGET_NAME)";
				SWIFT_VERSION = 3.0;
			};
			name = Release;
		};
		E8E3FABD1DFC2A31001757E4 /* Debug */ = {
			isa = XCBuildConfiguration;
			buildSettings = {
				PRODUCT_NAME = "$(TARGET_NAME)";
			};
			name = Debug;
		};
		E8E3FABE1DFC2A31001757E4 /* Release */ = {
			isa = XCBuildConfiguration;
			buildSettings = {
				PRODUCT_NAME = "$(TARGET_NAME)";
			};
			name = Release;
		};
/* End XCBuildConfiguration section */

/* Begin XCConfigurationList section */
		E81017081DFAEEB8002C5EAB /* Build configuration list for PBXProject "Spotifier" */ = {
			isa = XCConfigurationList;
			buildConfigurations = (
				E81017201DFAEEB8002C5EAB /* Debug */,
				E81017211DFAEEB8002C5EAB /* Release */,
			);
			defaultConfigurationIsVisible = 0;
			defaultConfigurationName = Release;
		};
		E81017221DFAEEB8002C5EAB /* Build configuration list for PBXNativeTarget "Spotifier" */ = {
			isa = XCConfigurationList;
			buildConfigurations = (
				E81017231DFAEEB8002C5EAB /* Debug */,
				E81017241DFAEEB8002C5EAB /* Release */,
			);
			defaultConfigurationIsVisible = 0;
			defaultConfigurationName = Release;
		};
		E8E3FABC1DFC2A31001757E4 /* Build configuration list for PBXAggregateTarget "mogen" */ = {
			isa = XCConfigurationList;
			buildConfigurations = (
				E8E3FABD1DFC2A31001757E4 /* Debug */,
				E8E3FABE1DFC2A31001757E4 /* Release */,
			);
			defaultConfigurationIsVisible = 0;
			defaultConfigurationName = Release;
		};
/* End XCConfigurationList section */

/* Begin XCVersionGroup section */
		E81017171DFAEEB8002C5EAB /* Spotifier.xcdatamodeld */ = {
			isa = XCVersionGroup;
			children = (
				E81017181DFAEEB8002C5EAB /* Spotifier.xcdatamodel */,
			);
			currentVersion = E81017181DFAEEB8002C5EAB /* Spotifier.xcdatamodel */;
			name = Spotifier.xcdatamodeld;
			path = ../Spotifier/Spotifier.xcdatamodeld;
			sourceTree = "<group>";
			versionGroupType = wrapper.xcdatamodel;
		};
/* End XCVersionGroup section */
	};
	rootObject = E81017051DFAEEB8002C5EAB /* Project object */;
}
